
Microsoft Visual Studio Solution File, Format Version 12.00
# Visual Studio 15
VisualStudioVersion = 15.0.26124.0
MinimumVisualStudioVersion = 15.0.26124.0
Project("{FAE04EC0-301F-11D3-BF4B-00C04F79EFBC}") = "ChatServer", "ChatServer\ChatServer.csproj", "{DF1B8004-45E6-41E3-9949-CFF58F4CF54D}"
EndProject
Project("{FAE04EC0-301F-11D3-BF4B-00C04F79EFBC}") = "ChatServer.Tests", "ChatServer.Tests\ChatServer.Tests.csproj", "{BE5F3281-C6DB-467E-B28B-3C0F9E6E9F99}"
EndProject
Global
	GlobalSection(SolutionConfigurationPlatforms) = preSolution
		Debug|Any CPU = Debug|Any CPU
		Debug|x64 = Debug|x64
		Debug|x86 = Debug|x86
		Release|Any CPU = Release|Any CPU
		Release|x64 = Release|x64
		Release|x86 = Release|x86
	EndGlobalSection
	GlobalSection(SolutionProperties) = preSolution
		HideSolutionNode = FALSE
	EndGlobalSection
	GlobalSection(ProjectConfigurationPlatforms) = postSolution
		{DF1B8004-45E6-41E3-9949-CFF58F4CF54D}.Debug|Any CPU.ActiveCfg = Debug|Any CPU
		{DF1B8004-45E6-41E3-9949-CFF58F4CF54D}.Debug|Any CPU.Build.0 = Debug|Any CPU
		{DF1B8004-45E6-41E3-9949-CFF58F4CF54D}.Debug|x64.ActiveCfg = Debug|Any CPU
		{DF1B8004-45E6-41E3-9949-CFF58F4CF54D}.Debug|x64.Build.0 = Debug|Any CPU
		{DF1B8004-45E6-41E3-9949-CFF58F4CF54D}.Debug|x86.ActiveCfg = Debug|Any CPU
		{DF1B8004-45E6-41E3-9949-CFF58F4CF54D}.Debug|x86.Build.0 = Debug|Any CPU
		{DF1B8004-45E6-41E3-9949-CFF58F4CF54D}.Release|Any CPU.ActiveCfg = Release|Any CPU
		{DF1B8004-45E6-41E3-9949-CFF58F4CF54D}.Release|Any CPU.Build.0 = Release|Any CPU
		{DF1B8004-45E6-41E3-9949-CFF58F4CF54D}.Release|x64.ActiveCfg = Release|Any CPU
		{DF1B8004-45E6-41E3-9949-CFF58F4CF54D}.Release|x64.Build.0 = Release|Any CPU
		{DF1B8004-45E6-41E3-9949-CFF58F4CF54D}.Release|x86.ActiveCfg = Release|Any CPU
		{DF1B8004-45E6-41E3-9949-CFF58F4CF54D}.Release|x86.Build.0 = Release|Any CPU
		{BE5F3281-C6DB-467E-B28B-3C0F9E6E9F99}.Debug|Any CPU.ActiveCfg = Debug|Any CPU
		{BE5F3281-C6DB-467E-B28B-3C0F9E6E9F99}.Debug|Any CPU.Build.0 = Debug|Any CPU
		{BE5F3281-C6DB-467E-B28B-3C0F9E6E9F99}.Debug|x64.ActiveCfg = Debug|Any CPU
		{BE5F3281-C6DB-467E-B28B-3C0F9E6E9F99}.Debug|x64.Build.0 = Debug|Any CPU
		{BE5F3281-C6DB-467E-B28B-3C0F9E6E9F99}.Debug|x86.ActiveCfg = Debug|Any CPU
		{BE5F3281-C6DB-467E-B28B-3C0F9E6E9F99}.Debug|x86.Build.0 = Debug|Any CPU
		{BE5F3281-C6DB-467E-B28B-3C0F9E6E9F99}.Release|Any CPU.ActiveCfg = Release|Any CPU
		{BE5F3281-C6DB-467E-B28B-3C0F9E6E9F99}.Release|Any CPU.Build.0 = Release|Any CPU
		{BE5F3281-C6DB-467E-B28B-3C0F9E6E9F99}.Release|x64.ActiveCfg = Release|Any CPU
		{BE5F3281-C6DB-467E-B28B-3C0F9E6E9F99}.Release|x64.Build.0 = Release|Any CPU
		{BE5F3281-C6DB-467E-B28B-3C0F9E6E9F99}.Release|x86.ActiveCfg = Release|Any CPU
		{BE5F3281-C6DB-467E-B28B-3C0F9E6E9F99}.Release|x86.Build.0 = Release|Any CPU
	EndGlobalSection
EndGlobal
